
Microsoft Visual Studio Solution File, Format Version 12.00
# Visual Studio Version 17
VisualStudioVersion = 17.8.34511.84
MinimumVisualStudioVersion = 10.0.40219.1
Project("{9A19103F-16F7-4668-BE54-9A1E7A4F7556}") = "LogPadeCoefGeneration", "LogPadeCoefGeneration\LogPadeCoefGeneration.csproj", "{18FEDAAF-866F-457F-A3B5-0B93F3E8FA93}"
EndProject
Project("{FAE04EC0-301F-11D3-BF4B-00C04F79EFBC}") = "LogPadeCoefGenerationTests", "LogPadeCoefGenerationTests\LogPadeCoefGenerationTests.csproj", "{D2553C7C-EAB3-4BE7-AFD9-E42095F8C936}"
	ProjectSection(ProjectDependencies) = postProject
		{18FEDAAF-866F-457F-A3B5-0B93F3E8FA93} = {18FEDAAF-866F-457F-A3B5-0B93F3E8FA93}
	EndProjectSection
EndProject
Global
	GlobalSection(SolutionConfigurationPlatforms) = preSolution
		Debug|Any CPU = Debug|Any CPU
		Release|Any CPU = Release|Any CPU
	EndGlobalSection
	GlobalSection(ProjectConfigurationPlatforms) = postSolution
		{18FEDAAF-866F-457F-A3B5-0B93F3E8FA93}.Debug|Any CPU.ActiveCfg = Debug|Any CPU
		{18FEDAAF-866F-457F-A3B5-0B93F3E8FA93}.Debug|Any CPU.Build.0 = Debug|Any CPU
		{18FEDAAF-866F-457F-A3B5-0B93F3E8FA93}.Release|Any CPU.ActiveCfg = Release|Any CPU
		{18FEDAAF-866F-457F-A3B5-0B93F3E8FA93}.Release|Any CPU.Build.0 = Release|Any CPU
		{D2553C7C-EAB3-4BE7-AFD9-E42095F8C936}.Debug|Any CPU.ActiveCfg = Debug|Any CPU
		{D2553C7C-EAB3-4BE7-AFD9-E42095F8C936}.Debug|Any CPU.Build.0 = Debug|Any CPU
		{D2553C7C-EAB3-4BE7-AFD9-E42095F8C936}.Release|Any CPU.ActiveCfg = Release|Any CPU
		{D2553C7C-EAB3-4BE7-AFD9-E42095F8C936}.Release|Any CPU.Build.0 = Release|Any CPU
	EndGlobalSection
	GlobalSection(SolutionProperties) = preSolution
		HideSolutionNode = FALSE
	EndGlobalSection
	GlobalSection(ExtensibilityGlobals) = postSolution
		SolutionGuid = {2672B079-DC8E-4110-B348-ED2194407779}
	EndGlobalSection
EndGlobal
